
Microsoft Visual Studio Solution File, Format Version 12.00
# Visual Studio Version 16
VisualStudioVersion = 16.0.30621.155
MinimumVisualStudioVersion = 10.0.40219.1
Project("{FAE04EC0-301F-11D3-BF4B-00C04F79EFBC}") = "TEST3", "TEST3.csproj", "{BA921888-05D9-402F-A2D2-2613CD593EF8}"
EndProject
Global
	GlobalSection(SolutionConfigurationPlatforms) = preSolution
		Debug|Any CPU = Debug|Any CPU
		Release|Any CPU = Release|Any CPU
	EndGlobalSection
	GlobalSection(ProjectConfigurationPlatforms) = postSolution
		{BA921888-05D9-402F-A2D2-2613CD593EF8}.Debug|Any CPU.ActiveCfg = Debug|Any CPU
		{BA921888-05D9-402F-A2D2-2613CD593EF8}.Debug|Any CPU.Build.0 = Debug|Any CPU
		{BA921888-05D9-402F-A2D2-2613CD593EF8}.Release|Any CPU.ActiveCfg = Release|Any CPU
		{BA921888-05D9-402F-A2D2-2613CD593EF8}.Release|Any CPU.Build.0 = Release|Any CPU
	EndGlobalSection
	GlobalSection(SolutionProperties) = preSolution
		HideSolutionNode = FALSE
	EndGlobalSection
	GlobalSection(ExtensibilityGlobals) = postSolution
		SolutionGuid = {2BA62BF8-A3E9-494B-A63B-1ECC6FD89751}
	EndGlobalSection
EndGlobal
